
Microsoft Visual Studio Solution File, Format Version 12.00
# Visual Studio Version 16
VisualStudioVersion = 16.0.30517.126
MinimumVisualStudioVersion = 10.0.40219.1
Project("{9A19103F-16F7-4668-BE54-9A1E7A4F7556}") = "OOPPet", "OOPPet\OOPPet.csproj", "{61617087-3565-44D6-AADC-9775716E7CAE}"
EndProject
Project("{9A19103F-16F7-4668-BE54-9A1E7A4F7556}") = "OOPcar", "OOPcar\OOPcar.csproj", "{15C8E177-6BC5-495C-8A59-9FC26976891E}"
EndProject
Project("{FAE04EC0-301F-11D3-BF4B-00C04F79EFBC}") = "MoviesFromFile", "MoviesFromFile\MoviesFromFile.csproj", "{16DCC6BF-AF44-49F1-B5E6-55F08A24963B}"
EndProject
Project("{FAE04EC0-301F-11D3-BF4B-00C04F79EFBC}") = "Frozen", "Frozen\Frozen.csproj", "{8466E8F9-640F-40BF-9810-C78F488A78BF}"
EndProject
Global
	GlobalSection(SolutionConfigurationPlatforms) = preSolution
		Debug|Any CPU = Debug|Any CPU
		Release|Any CPU = Release|Any CPU
	EndGlobalSection
	GlobalSection(ProjectConfigurationPlatforms) = postSolution
		{61617087-3565-44D6-AADC-9775716E7CAE}.Debug|Any CPU.ActiveCfg = Debug|Any CPU
		{61617087-3565-44D6-AADC-9775716E7CAE}.Debug|Any CPU.Build.0 = Debug|Any CPU
		{61617087-3565-44D6-AADC-9775716E7CAE}.Release|Any CPU.ActiveCfg = Release|Any CPU
		{61617087-3565-44D6-AADC-9775716E7CAE}.Release|Any CPU.Build.0 = Release|Any CPU
		{15C8E177-6BC5-495C-8A59-9FC26976891E}.Debug|Any CPU.ActiveCfg = Debug|Any CPU
		{15C8E177-6BC5-495C-8A59-9FC26976891E}.Debug|Any CPU.Build.0 = Debug|Any CPU
		{15C8E177-6BC5-495C-8A59-9FC26976891E}.Release|Any CPU.ActiveCfg = Release|Any CPU
		{15C8E177-6BC5-495C-8A59-9FC26976891E}.Release|Any CPU.Build.0 = Release|Any CPU
		{16DCC6BF-AF44-49F1-B5E6-55F08A24963B}.Debug|Any CPU.ActiveCfg = Debug|Any CPU
		{16DCC6BF-AF44-49F1-B5E6-55F08A24963B}.Debug|Any CPU.Build.0 = Debug|Any CPU
		{16DCC6BF-AF44-49F1-B5E6-55F08A24963B}.Release|Any CPU.ActiveCfg = Release|Any CPU
		{16DCC6BF-AF44-49F1-B5E6-55F08A24963B}.Release|Any CPU.Build.0 = Release|Any CPU
		{8466E8F9-640F-40BF-9810-C78F488A78BF}.Debug|Any CPU.ActiveCfg = Debug|Any CPU
		{8466E8F9-640F-40BF-9810-C78F488A78BF}.Debug|Any CPU.Build.0 = Debug|Any CPU
		{8466E8F9-640F-40BF-9810-C78F488A78BF}.Release|Any CPU.ActiveCfg = Release|Any CPU
		{8466E8F9-640F-40BF-9810-C78F488A78BF}.Release|Any CPU.Build.0 = Release|Any CPU
	EndGlobalSection
	GlobalSection(SolutionProperties) = preSolution
		HideSolutionNode = FALSE
	EndGlobalSection
	GlobalSection(ExtensibilityGlobals) = postSolution
		SolutionGuid = {48E6A6B0-7D8D-4F3F-993B-CE2510674D55}
	EndGlobalSection
EndGlobal
